<?xml version="1.0" encoding="utf-8"?>
<Project ToolsVersion="4.0" xmlns="http://schemas.microsoft.com/developer/msbuild/2003">
  <ItemGroup>
    <ClCompile Include="$(MSBuildThisFileDirectory)Character.cpp" />
    <ClCompile Include="$(MSBuildThisFileDirectory)FlyMaster.cpp" />
    <ClCompile Include="$(MSBuildThisFileDirectory)GameStage.cpp" />
    <ClCompile Include="$(MSBuildThisFileDirectory)Meat.cpp" />
    <ClCompile Include="$(MSBuildThisFileDirectory)Player.cpp" />
    <ClCompile Include="$(MSBuildThisFileDirectory)ProjectBehavior.cpp" />
    <ClCompile Include="$(MSBuildThisFileDirectory)ProjectShader.cpp" />
    <ClCompile Include="$(MSBuildThisFileDirectory)Scene.cpp" />
    <ClCompile Include="$(MSBuildThisFileDirectory)WinMain.cpp" />
    <ClCompile Include="$(MSBuildThisFileDirectory)Number.cpp" />
    <ClCompile Include="$(MSBuildThisFileDirectory)UIWatch.cpp" />
    <ClCompile Include="$(MSBuildThisFileDirectory)MapChip.cpp" />
    <ClCompile Include="$(MSBuildThisFileDirectory)UIMaster.cpp" />
    <ClCompile Include="$(MSBuildThisFileDirectory)GameResults.cpp" />
    <ClCompile Include="$(MSBuildThisFileDirectory)GameTitle.cpp" />
  </ItemGroup>
  <ItemGroup>
    <ClInclude Include="$(MSBuildThisFileDirectory)Character.h" />
    <ClInclude Include="$(MSBuildThisFileDirectory)FlyMaster.h" />
    <ClInclude Include="$(MSBuildThisFileDirectory)GameStage.h" />
    <ClInclude Include="$(MSBuildThisFileDirectory)Meat.h" />
    <ClInclude Include="$(MSBuildThisFileDirectory)Player.h" />
    <ClInclude Include="$(MSBuildThisFileDirectory)Project.h" />
    <ClInclude Include="$(MSBuildThisFileDirectory)ProjectBehavior.h" />
    <ClInclude Include="$(MSBuildThisFileDirectory)ProjectShader.h" />
    <ClInclude Include="$(MSBuildThisFileDirectory)Scene.h" />
    <ClInclude Include="$(MSBuildThisFileDirectory)MouseManager.h" />
    <ClInclude Include="$(MSBuildThisFileDirectory)Number.h" />
    <ClInclude Include="$(MSBuildThisFileDirectory)UIWatch.h" />
    <ClInclude Include="$(MSBuildThisFileDirectory)MapChip.h" />
    <ClInclude Include="$(MSBuildThisFileDirectory)UIMaster.h" />
    <ClInclude Include="$(MSBuildThisFileDirectory)GameResults.h" />
    <ClInclude Include="$(MSBuildThisFileDirectory)GameTitle.h" />
  </ItemGroup>
</Project>